
Microsoft Visual Studio Solution File, Format Version 12.00
# Visual Studio 15
VisualStudioVersion = 15.0.27703.2035
MinimumVisualStudioVersion = 10.0.40219.1
Project("{9A19103F-16F7-4668-BE54-9A1E7A4F7556}") = "RabbitMqDemo.Receive", "RabbitMqDemo.Receive\RabbitMqDemo.Receive.csproj", "{E5E8CDFE-777D-43CC-B4B3-23170CA98C23}"
EndProject
Project("{9A19103F-16F7-4668-BE54-9A1E7A4F7556}") = "RabbitMqDemo.Send", "RabbitMqDemo.Send\RabbitMqDemo.Send.csproj", "{E3F26DDD-A0E9-45B3-B44D-5D7D37F57568}"
EndProject
Project("{2150E333-8FDC-42A3-9474-1A3956D46DE8}") = "RPC", "RPC", "{77C61888-05CD-423D-B41F-0973EF98FA69}"
EndProject
Project("{FAE04EC0-301F-11D3-BF4B-00C04F79EFBC}") = "RabbitMQDemo.Server", "RabbitMQDemo.Server\RabbitMQDemo.Server.csproj", "{D4673D92-450D-4129-90F2-8F89DAA4A975}"
EndProject
Project("{FAE04EC0-301F-11D3-BF4B-00C04F79EFBC}") = "RabbitMQDemo.Client", "RabbitMQDemo.Client\RabbitMQDemo.Client.csproj", "{3DF6A5DE-1D81-409C-8793-DC41110BD612}"
EndProject
Global
	GlobalSection(SolutionConfigurationPlatforms) = preSolution
		Debug|Any CPU = Debug|Any CPU
		Release|Any CPU = Release|Any CPU
	EndGlobalSection
	GlobalSection(ProjectConfigurationPlatforms) = postSolution
		{E5E8CDFE-777D-43CC-B4B3-23170CA98C23}.Debug|Any CPU.ActiveCfg = Debug|Any CPU
		{E5E8CDFE-777D-43CC-B4B3-23170CA98C23}.Debug|Any CPU.Build.0 = Debug|Any CPU
		{E5E8CDFE-777D-43CC-B4B3-23170CA98C23}.Release|Any CPU.ActiveCfg = Release|Any CPU
		{E5E8CDFE-777D-43CC-B4B3-23170CA98C23}.Release|Any CPU.Build.0 = Release|Any CPU
		{E3F26DDD-A0E9-45B3-B44D-5D7D37F57568}.Debug|Any CPU.ActiveCfg = Debug|Any CPU
		{E3F26DDD-A0E9-45B3-B44D-5D7D37F57568}.Debug|Any CPU.Build.0 = Debug|Any CPU
		{E3F26DDD-A0E9-45B3-B44D-5D7D37F57568}.Release|Any CPU.ActiveCfg = Release|Any CPU
		{E3F26DDD-A0E9-45B3-B44D-5D7D37F57568}.Release|Any CPU.Build.0 = Release|Any CPU
		{D4673D92-450D-4129-90F2-8F89DAA4A975}.Debug|Any CPU.ActiveCfg = Debug|Any CPU
		{D4673D92-450D-4129-90F2-8F89DAA4A975}.Debug|Any CPU.Build.0 = Debug|Any CPU
		{D4673D92-450D-4129-90F2-8F89DAA4A975}.Release|Any CPU.ActiveCfg = Release|Any CPU
		{D4673D92-450D-4129-90F2-8F89DAA4A975}.Release|Any CPU.Build.0 = Release|Any CPU
		{3DF6A5DE-1D81-409C-8793-DC41110BD612}.Debug|Any CPU.ActiveCfg = Debug|Any CPU
		{3DF6A5DE-1D81-409C-8793-DC41110BD612}.Debug|Any CPU.Build.0 = Debug|Any CPU
		{3DF6A5DE-1D81-409C-8793-DC41110BD612}.Release|Any CPU.ActiveCfg = Release|Any CPU
		{3DF6A5DE-1D81-409C-8793-DC41110BD612}.Release|Any CPU.Build.0 = Release|Any CPU
	EndGlobalSection
	GlobalSection(SolutionProperties) = preSolution
		HideSolutionNode = FALSE
	EndGlobalSection
	GlobalSection(NestedProjects) = preSolution
		{D4673D92-450D-4129-90F2-8F89DAA4A975} = {77C61888-05CD-423D-B41F-0973EF98FA69}
		{3DF6A5DE-1D81-409C-8793-DC41110BD612} = {77C61888-05CD-423D-B41F-0973EF98FA69}
	EndGlobalSection
	GlobalSection(ExtensibilityGlobals) = postSolution
		SolutionGuid = {50CCCFA6-9FFD-43F0-8E6E-E7100E2A2386}
	EndGlobalSection
EndGlobal
